# This file is automatically @generated by Cargo.
# It is not intended for manual editing.
version = 3

[[package]]
name = "ex02"
version = "0.1.0"
dependencies = [
 "gray-codes",
]

[[package]]
name = "gray-codes"
version = "0.1.1"
source = "registry+https://github.com/rust-lang/crates.io-index"
checksum = "a8eb53f38e7f2e30ad98faf6a15a3b1135c45a1b9740f71fba53438437bf2a25"
